{
  "object": {
    "pins": [
      {
        "package": "Yaml",
        "repositoryURL": "https://github.com/smittytone/YamlSwift.git",
        "state": {
          "branch": "master",
          "revision": "43292bdcbf3058802954cdd2fcb231b64cf6d139",
          "version": null
        }
      }
    ]
  },
  "version": 1
}
