{
  "originHash" : "8c8e1a7d425b956d766430a3b56c55d9d612ce757ff0a55aeada37a951dd2800",
  "pins" : [
    {
      "identity" : "yamlswift",
      "kind" : "remoteSourceControl",
      "location" : "https://github.com/smittytone/YamlSwift.git",
      "state" : {
        "branch" : "master",
        "revision" : "f6da2600c6df5b316ab24397a7508a708631c11d"
      }
    }
  ],
  "version" : 3
}
